PODS:
  - Flutter (1.0.0)
  - Plaid (4.1.0)
  - plaid_flutter (0.0.1):
    - Flutter
    - Plaid (= 4.1.0)
  - shared_preferences_foundation (0.0.1):
    - Flutter
    - FlutterMacOS

DEPENDENCIES:
  - Flutter (from `Flutter`)
  - plaid_flutter (from `.symlinks/plugins/plaid_flutter/ios`)
  - shared_preferences_foundation (from `.symlinks/plugins/shared_preferences_foundation/ios`)

SPEC REPOS:
  trunk:
    - Plaid

EXTERNAL SOURCES:
  Flutter:
    :path: Flutter
  plaid_flutter:
    :path: ".symlinks/plugins/plaid_flutter/ios"
  shared_preferences_foundation:
    :path: ".symlinks/plugins/shared_preferences_foundation/ios"

SPEC CHECKSUMS:
  Flutter: f04841e97a9d0b0a8025694d0796dd46242b2854
  Plaid: 7d340abeadb46c7aa1a91f896c5b22395a31fcf2
  plaid_flutter: dcbd586bb7c76f04d8f3604915facbe79f90f637
  shared_preferences_foundation: 986fc17f3d3251412d18b0265f9c64113a8c2472

PODFILE CHECKSUM: ef19549a9bc3046e7bb7d2fab4d021637c0c58a3

COCOAPODS: 1.12.0
